
Microsoft Visual Studio Solution File, Format Version 12.00
# Visual Studio Version 17
VisualStudioVersion = 17.14.36310.24
MinimumVisualStudioVersion = 10.0.40219.1
Project("{FAE04EC0-301F-11D3-BF4B-00C04F79EFBC}") = "SolutionAnalyzer", "SolutionAnalyzer\SolutionAnalyzer.csproj", "{8B838472-B1AA-41FD-AAD6-2282BEEF5811}"
EndProject
Project("{2150E333-8FDC-42A3-9474-1A3956D46DE8}") = "Solution Items", "Solution Items", "{8EC462FD-D22E-90A8-E5CE-7E832BA40C5D}"
	ProjectSection(SolutionItems) = preProject
		EXISTING_DOC.md = EXISTING_DOC.md
		generate_doc.py = generate_doc.py
		generate_txt.py = generate_txt.py
		semantic_summary.txt = semantic_summary.txt
	EndProjectSection
EndProject
Global
	GlobalSection(SolutionConfigurationPlatforms) = preSolution
		Debug|Any CPU = Debug|Any CPU
		Release|Any CPU = Release|Any CPU
	EndGlobalSection
	GlobalSection(ProjectConfigurationPlatforms) = postSolution
		{8B838472-B1AA-41FD-AAD6-2282BEEF5811}.Debug|Any CPU.ActiveCfg = Debug|Any CPU
		{8B838472-B1AA-41FD-AAD6-2282BEEF5811}.Debug|Any CPU.Build.0 = Debug|Any CPU
		{8B838472-B1AA-41FD-AAD6-2282BEEF5811}.Release|Any CPU.ActiveCfg = Release|Any CPU
		{8B838472-B1AA-41FD-AAD6-2282BEEF5811}.Release|Any CPU.Build.0 = Release|Any CPU
	EndGlobalSection
	GlobalSection(SolutionProperties) = preSolution
		HideSolutionNode = FALSE
	EndGlobalSection
	GlobalSection(ExtensibilityGlobals) = postSolution
		SolutionGuid = {15365809-1391-473D-B9E4-201F43B41AD9}
	EndGlobalSection
EndGlobal
